
Microsoft Visual Studio Solution File, Format Version 12.00
# Visual Studio 15
VisualStudioVersion = 15.0.27703.2035
MinimumVisualStudioVersion = 10.0.40219.1
Project("{FAE04EC0-301F-11D3-BF4B-00C04F79EFBC}") = "clicker", "clicker\clicker.csproj", "{557CF688-F04E-4AB9-B0FA-EA249CB4CB20}"
EndProject
Global
	GlobalSection(SolutionConfigurationPlatforms) = preSolution
		Debug|Any CPU = Debug|Any CPU
		Release|Any CPU = Release|Any CPU
	EndGlobalSection
	GlobalSection(ProjectConfigurationPlatforms) = postSolution
		{557CF688-F04E-4AB9-B0FA-EA249CB4CB20}.Debug|Any CPU.ActiveCfg = Debug|Any CPU
		{557CF688-F04E-4AB9-B0FA-EA249CB4CB20}.Debug|Any CPU.Build.0 = Debug|Any CPU
		{557CF688-F04E-4AB9-B0FA-EA249CB4CB20}.Release|Any CPU.ActiveCfg = Release|Any CPU
		{557CF688-F04E-4AB9-B0FA-EA249CB4CB20}.Release|Any CPU.Build.0 = Release|Any CPU
	EndGlobalSection
	GlobalSection(SolutionProperties) = preSolution
		HideSolutionNode = FALSE
	EndGlobalSection
	GlobalSection(ExtensibilityGlobals) = postSolution
		SolutionGuid = {DF7E5A84-97C7-41EB-8035-70DA3648CADF}
	EndGlobalSection
EndGlobal
